
Microsoft Visual Studio Solution File, Format Version 12.00
# Visual Studio Version 16
VisualStudioVersion = 16.0.30114.105
MinimumVisualStudioVersion = 10.0.40219.1
Project("{FAE04EC0-301F-11D3-BF4B-00C04F79EFBC}") = "RocketMan", "RocketMan\RocketMan.csproj", "{8779C659-1273-4F41-A1E6-417DCB3F2172}"
EndProject
Project("{FAE04EC0-301F-11D3-BF4B-00C04F79EFBC}") = "Manager2", "..\..\ColonyManager2\Source\ColonyManager2\Manager2.csproj", "{02D71FDD-2B73-4582-B725-70840C426AEC}"
EndProject
Project("{FAE04EC0-301F-11D3-BF4B-00C04F79EFBC}") = "RocketLite", "RocketLite\RocketLite.csproj", "{BD23934E-FCFB-4714-9539-4B55C3846E92}"
EndProject
Project("{FAE04EC0-301F-11D3-BF4B-00C04F79EFBC}") = "Soyuz", "Soyuz\Soyuz.csproj", "{1C665C01-C92E-470E-B8E5-7734F76A0CBD}"
EndProject
Project("{FAE04EC0-301F-11D3-BF4B-00C04F79EFBC}") = "Proton", "Proton\Proton.csproj", "{010CF6D4-AED8-43ED-B15B-C84C8F712F09}"
EndProject
Project("{FAE04EC0-301F-11D3-BF4B-00C04F79EFBC}") = "Rocketeer", "Rocketeer\Rocketeer.csproj", "{DA705F6E-C7E7-47DF-B66C-DD08731512E3}"
EndProject
Project("{FAE04EC0-301F-11D3-BF4B-00C04F79EFBC}") = "UIFramework", "..\..\UIFramework\Source\UIFramework\UIFramework\UIFramework.csproj", "{1C156622-7118-4BC3-B246-B38006EBB8A9}"
EndProject
Project("{FAE04EC0-301F-11D3-BF4B-00C04F79EFBC}") = "Gagarin", "Gagarin\Gagarin.csproj", "{19BAAA05-08F0-4085-8EF6-3DE81B6541FA}"
EndProject
Global
	GlobalSection(SolutionConfigurationPlatforms) = preSolution
		Debug|Any CPU = Debug|Any CPU
		Release|Any CPU = Release|Any CPU
	EndGlobalSection
	GlobalSection(ProjectConfigurationPlatforms) = postSolution
		{8779C659-1273-4F41-A1E6-417DCB3F2172}.Debug|Any CPU.ActiveCfg = Debug|Any CPU
		{8779C659-1273-4F41-A1E6-417DCB3F2172}.Debug|Any CPU.Build.0 = Debug|Any CPU
		{8779C659-1273-4F41-A1E6-417DCB3F2172}.Release|Any CPU.ActiveCfg = Release|Any CPU
		{8779C659-1273-4F41-A1E6-417DCB3F2172}.Release|Any CPU.Build.0 = Release|Any CPU
		{02D71FDD-2B73-4582-B725-70840C426AEC}.Debug|Any CPU.ActiveCfg = Debug|Any CPU
		{02D71FDD-2B73-4582-B725-70840C426AEC}.Debug|Any CPU.Build.0 = Debug|Any CPU
		{02D71FDD-2B73-4582-B725-70840C426AEC}.Release|Any CPU.ActiveCfg = Release|Any CPU
		{02D71FDD-2B73-4582-B725-70840C426AEC}.Release|Any CPU.Build.0 = Release|Any CPU
		{BD23934E-FCFB-4714-9539-4B55C3846E92}.Debug|Any CPU.ActiveCfg = Debug|Any CPU
		{BD23934E-FCFB-4714-9539-4B55C3846E92}.Debug|Any CPU.Build.0 = Debug|Any CPU
		{BD23934E-FCFB-4714-9539-4B55C3846E92}.Release|Any CPU.ActiveCfg = Release|Any CPU
		{BD23934E-FCFB-4714-9539-4B55C3846E92}.Release|Any CPU.Build.0 = Release|Any CPU
		{1C665C01-C92E-470E-B8E5-7734F76A0CBD}.Debug|Any CPU.ActiveCfg = Debug|Any CPU
		{1C665C01-C92E-470E-B8E5-7734F76A0CBD}.Debug|Any CPU.Build.0 = Debug|Any CPU
		{1C665C01-C92E-470E-B8E5-7734F76A0CBD}.Release|Any CPU.ActiveCfg = Release|Any CPU
		{1C665C01-C92E-470E-B8E5-7734F76A0CBD}.Release|Any CPU.Build.0 = Release|Any CPU
		{010CF6D4-AED8-43ED-B15B-C84C8F712F09}.Debug|Any CPU.ActiveCfg = Debug|Any CPU
		{010CF6D4-AED8-43ED-B15B-C84C8F712F09}.Debug|Any CPU.Build.0 = Debug|Any CPU
		{010CF6D4-AED8-43ED-B15B-C84C8F712F09}.Release|Any CPU.ActiveCfg = Release|Any CPU
		{010CF6D4-AED8-43ED-B15B-C84C8F712F09}.Release|Any CPU.Build.0 = Release|Any CPU
		{DA705F6E-C7E7-47DF-B66C-DD08731512E3}.Debug|Any CPU.ActiveCfg = Debug|Any CPU
		{DA705F6E-C7E7-47DF-B66C-DD08731512E3}.Debug|Any CPU.Build.0 = Debug|Any CPU
		{DA705F6E-C7E7-47DF-B66C-DD08731512E3}.Release|Any CPU.ActiveCfg = Release|Any CPU
		{DA705F6E-C7E7-47DF-B66C-DD08731512E3}.Release|Any CPU.Build.0 = Release|Any CPU
		{1C156622-7118-4BC3-B246-B38006EBB8A9}.Debug|Any CPU.ActiveCfg = Debug|Any CPU
		{1C156622-7118-4BC3-B246-B38006EBB8A9}.Debug|Any CPU.Build.0 = Debug|Any CPU
		{1C156622-7118-4BC3-B246-B38006EBB8A9}.Release|Any CPU.ActiveCfg = Release|Any CPU
		{1C156622-7118-4BC3-B246-B38006EBB8A9}.Release|Any CPU.Build.0 = Release|Any CPU
		{19BAAA05-08F0-4085-8EF6-3DE81B6541FA}.Debug|Any CPU.ActiveCfg = Debug|Any CPU
		{19BAAA05-08F0-4085-8EF6-3DE81B6541FA}.Debug|Any CPU.Build.0 = Debug|Any CPU
		{19BAAA05-08F0-4085-8EF6-3DE81B6541FA}.Release|Any CPU.ActiveCfg = Release|Any CPU
		{19BAAA05-08F0-4085-8EF6-3DE81B6541FA}.Release|Any CPU.Build.0 = Release|Any CPU
	EndGlobalSection
	GlobalSection(SolutionProperties) = preSolution
		HideSolutionNode = FALSE
	EndGlobalSection
	GlobalSection(ExtensibilityGlobals) = postSolution
		SolutionGuid = {097B5EA1-45C1-4B0C-A4AA-EE8FB6419CA2}
	EndGlobalSection
EndGlobal
