
Microsoft Visual Studio Solution File, Format Version 12.00
# Visual Studio Version 16
VisualStudioVersion = 16.0.30114.105
MinimumVisualStudioVersion = 10.0.40219.1
Project("{FAE04EC0-301F-11D3-BF4B-00C04F79EFBC}") = "RocketMan", "RocketMan\RocketMan.csproj", "{8779C659-1273-4F41-A1E6-417DCB3F2172}"
EndProject
Global
	GlobalSection(SolutionConfigurationPlatforms) = preSolution
		Debug|Any CPU = Debug|Any CPU
		Release|Any CPU = Release|Any CPU
	EndGlobalSection
	GlobalSection(ProjectConfigurationPlatforms) = postSolution
		{8779C659-1273-4F41-A1E6-417DCB3F2172}.Debug|Any CPU.ActiveCfg = Debug|Any CPU
		{8779C659-1273-4F41-A1E6-417DCB3F2172}.Debug|Any CPU.Build.0 = Debug|Any CPU
		{8779C659-1273-4F41-A1E6-417DCB3F2172}.Release|Any CPU.ActiveCfg = Release|Any CPU
		{8779C659-1273-4F41-A1E6-417DCB3F2172}.Release|Any CPU.Build.0 = Release|Any CPU
	EndGlobalSection
	GlobalSection(SolutionProperties) = preSolution
		HideSolutionNode = FALSE
	EndGlobalSection
	GlobalSection(ExtensibilityGlobals) = postSolution
		SolutionGuid = {097B5EA1-45C1-4B0C-A4AA-EE8FB6419CA2}
	EndGlobalSection
EndGlobal
